
Microsoft Visual Studio Solution File, Format Version 12.00
# Visual Studio Version 17
VisualStudioVersion = 17.2.32630.192
MinimumVisualStudioVersion = 10.0.40219.1
Project("{FAE04EC0-301F-11D3-BF4B-00C04F79EFBC}") = "MSSQLWebAPI", "MSSQLWebAPI\MSSQLWebAPI.csproj", "{58B83F19-E5BA-48F3-960F-1B7A1C4F33E2}"
EndProject
Global
	GlobalSection(SolutionConfigurationPlatforms) = preSolution
		Debug|Any CPU = Debug|Any CPU
		Release|Any CPU = Release|Any CPU
	EndGlobalSection
	GlobalSection(ProjectConfigurationPlatforms) = postSolution
		{58B83F19-E5BA-48F3-960F-1B7A1C4F33E2}.Debug|Any CPU.ActiveCfg = Debug|Any CPU
		{58B83F19-E5BA-48F3-960F-1B7A1C4F33E2}.Debug|Any CPU.Build.0 = Debug|Any CPU
		{58B83F19-E5BA-48F3-960F-1B7A1C4F33E2}.Release|Any CPU.ActiveCfg = Release|Any CPU
		{58B83F19-E5BA-48F3-960F-1B7A1C4F33E2}.Release|Any CPU.Build.0 = Release|Any CPU
	EndGlobalSection
	GlobalSection(SolutionProperties) = preSolution
		HideSolutionNode = FALSE
	EndGlobalSection
	GlobalSection(ExtensibilityGlobals) = postSolution
		SolutionGuid = {B4CDD7E3-7666-4009-ADAC-9752AAC7B47F}
	EndGlobalSection
EndGlobal
